<?xml version="1.0" encoding="utf-8"?>
<Project ToolsVersion="4.0" xmlns="http://schemas.microsoft.com/developer/msbuild/2003">
  <ItemGroup>
    <Filter Include="Pliki źródłowe">
      <UniqueIdentifier>{4FC737F1-C7A5-4376-A066-2A32D752A2FF}</UniqueIdentifier>
      <Extensions>cpp;c;cc;cxx;def;odl;idl;hpj;bat;asm;asmx</Extensions>
    </Filter>
    <Filter Include="Pliki nagłówkowe">
      <UniqueIdentifier>{93995380-89BD-4b04-88EB-625FBE52EBFB}</UniqueIdentifier>
      <Extensions>h;hh;hpp;hxx;hm;inl;inc;ipp;xsd</Extensions>
    </Filter>
    <Filter Include="Pliki zasobów">
      <UniqueIdentifier>{67DA6AB6-F800-4c08-8B7A-83BB121AAD01}</UniqueIdentifier>
      <Extensions>rc;ico;cur;bmp;dlg;rc2;rct;bin;rgs;gif;jpg;jpeg;jpe;resx;tiff;tif;png;wav;mfcribbon-ms</Extensions>
    </Filter>
    <Filter Include="TimeEvents.h">
      <UniqueIdentifier>{09da0d06-aba4-492b-a986-b2dff23da6c3}</UniqueIdentifier>
    </Filter>
    <Filter Include="TimeEvent.cpp">
      <UniqueIdentifier>{ed3fc2e3-0ebe-471e-9cc8-b15966778955}</UniqueIdentifier>
    </Filter>
  </ItemGroup>
  <ItemGroup>
    <ClCompile Include="SymulacjaCyfrowa.cpp">
      <Filter>Pliki źródłowe</Filter>
    </ClCompile>
    <ClCompile Include="BaseStation.cpp">
      <Filter>Pliki źródłowe</Filter>
    </ClCompile>
    <ClCompile Include="Package.cpp">
      <Filter>Pliki źródłowe</Filter>
    </ClCompile>
    <ClCompile Include="Channel.cpp">
      <Filter>Pliki źródłowe</Filter>
    </ClCompile>
    <ClCompile Include="ReceivingStation.cpp">
      <Filter>Pliki źródłowe</Filter>
    </ClCompile>
    <ClCompile Include="TimeEvent.cpp">
      <Filter>TimeEvent.cpp</Filter>
    </ClCompile>
    <ClCompile Include="PackageGeneration.cpp">
      <Filter>TimeEvent.cpp</Filter>
    </ClCompile>
    <ClCompile Include="CheckingChannel.cpp">
      <Filter>TimeEvent.cpp</Filter>
    </ClCompile>
    <ClCompile Include="EndOfPacketTransmission.cpp">
      <Filter>TimeEvent.cpp</Filter>
    </ClCompile>
    <ClCompile Include="TimeEventList.cpp">
      <Filter>Pliki źródłowe</Filter>
    </ClCompile>
    <ClCompile Include="ConditionalEvent.cpp">
      <Filter>Pliki źródłowe</Filter>
    </ClCompile>
    <ClCompile Include="WirelessNetwork.cpp">
      <Filter>Pliki źródłowe</Filter>
    </ClCompile>
    <ClCompile Include="CheckACK.cpp">
      <Filter>TimeEvent.cpp</Filter>
    </ClCompile>
    <ClCompile Include="FinishSendACK.cpp">
      <Filter>TimeEvent.cpp</Filter>
    </ClCompile>
  </ItemGroup>
  <ItemGroup>
    <ClInclude Include="BaseStation.h">
      <Filter>Pliki nagłówkowe</Filter>
    </ClInclude>
    <ClInclude Include="Package.h">
      <Filter>Pliki nagłówkowe</Filter>
    </ClInclude>
    <ClInclude Include="Channel.h">
      <Filter>Pliki nagłówkowe</Filter>
    </ClInclude>
    <ClInclude Include="ReceivingStation.h">
      <Filter>Pliki nagłówkowe</Filter>
    </ClInclude>
    <ClInclude Include="TimeEvent.h">
      <Filter>TimeEvents.h</Filter>
    </ClInclude>
    <ClInclude Include="PackageGeneration.h">
      <Filter>TimeEvents.h</Filter>
    </ClInclude>
    <ClInclude Include="CheckingChannel.h">
      <Filter>TimeEvents.h</Filter>
    </ClInclude>
    <ClInclude Include="EndOfPacketTransmission.h">
      <Filter>TimeEvents.h</Filter>
    </ClInclude>
    <ClInclude Include="TimeEventList.h">
      <Filter>Pliki nagłówkowe</Filter>
    </ClInclude>
    <ClInclude Include="ConditionalEvent.h">
      <Filter>Pliki nagłówkowe</Filter>
    </ClInclude>
    <ClInclude Include="WirelessNetwork.h">
      <Filter>Pliki nagłówkowe</Filter>
    </ClInclude>
    <ClInclude Include="CheckACK.h">
      <Filter>TimeEvents.h</Filter>
    </ClInclude>
    <ClInclude Include="FinishSendACK.h">
      <Filter>TimeEvents.h</Filter>
    </ClInclude>
  </ItemGroup>
</Project>